
Microsoft Visual Studio Solution File, Format Version 12.00
# Visual Studio Version 16
VisualStudioVersion = 16.0.30804.86
MinimumVisualStudioVersion = 10.0.40219.1
Project("{FAE04EC0-301F-11D3-BF4B-00C04F79EFBC}") = "ApiCore", "ApiCore\ApiCore.csproj", "{1784E241-5543-4E42-BA56-AB2C38812538}"
EndProject
Global
	GlobalSection(SolutionConfigurationPlatforms) = preSolution
		Debug|Any CPU = Debug|Any CPU
		Release|Any CPU = Release|Any CPU
	EndGlobalSection
	GlobalSection(ProjectConfigurationPlatforms) = postSolution
		{1784E241-5543-4E42-BA56-AB2C38812538}.Debug|Any CPU.ActiveCfg = Debug|Any CPU
		{1784E241-5543-4E42-BA56-AB2C38812538}.Debug|Any CPU.Build.0 = Debug|Any CPU
		{1784E241-5543-4E42-BA56-AB2C38812538}.Release|Any CPU.ActiveCfg = Release|Any CPU
		{1784E241-5543-4E42-BA56-AB2C38812538}.Release|Any CPU.Build.0 = Release|Any CPU
	EndGlobalSection
	GlobalSection(SolutionProperties) = preSolution
		HideSolutionNode = FALSE
	EndGlobalSection
	GlobalSection(ExtensibilityGlobals) = postSolution
		SolutionGuid = {ECCB1154-EDCA-4D6A-8CB3-2872500069BF}
	EndGlobalSection
EndGlobal
